// !$*UTF8*$!
{
	archiveVersion = 1;
	classes = {
	};
	objectVersion = 48;
	objects = {

/* Begin PBXBuildFile section */
		0C297C7E55C344012F6863B9 /* Pods_CarouselDemo.framework in Frameworks */ = {isa = PBXBuildFile; fileRef = 481CBE0916C494E0821CE801 /* Pods_CarouselDemo.framework */; };
		6D5416112163990D00CDFC7B /* viewControllerTVC.swift in Sources */ = {isa = PBXBuildFile; fileRef = 6D5416102163990D00CDFC7B /* viewControllerTVC.swift */; };
		6D56CCC0216359D900B4072F /* AppDelegate.swift in Sources */ = {isa = PBXBuildFile; fileRef = 6D56CCBF216359D900B4072F /* AppDelegate.swift */; };
		6D56CCC2216359D900B4072F /* ViewController.swift in Sources */ = {isa = PBXBuildFile; fileRef = 6D56CCC1216359D900B4072F /* ViewController.swift */; };
		6D56CCC5216359D900B4072F /* Main.storyboard in Resources */ = {isa = PBXBuildFile; fileRef = 6D56CCC3216359D900B4072F /* Main.storyboard */; };
		6D56CCC7216359D900B4072F /* Assets.xcassets in Resources */ = {isa = PBXBuildFile; fileRef = 6D56CCC6216359D900B4072F /* Assets.xcassets */; };
		6D56CCCA216359D900B4072F /* LaunchScreen.storyboard in Resources */ = {isa = PBXBuildFile; fileRef = 6D56CCC8216359D900B4072F /* LaunchScreen.storyboard */; };
		6DF5B22B216383150030C281 /* AFWrapper.swift in Sources */ = {isa = PBXBuildFile; fileRef = 6DF5B22A216383150030C281 /* AFWrapper.swift */; };
/* End PBXBuildFile section */

/* Begin PBXFileReference section */
		481CBE0916C494E0821CE801 /* Pods_CarouselDemo.framework */ = {isa = PBXFileReference; explicitFileType = wrapper.framework; includeInIndex = 0; path = Pods_CarouselDemo.framework; sourceTree = BUILT_PRODUCTS_DIR; };
		6D5416102163990D00CDFC7B /* viewControllerTVC.swift */ = {isa = PBXFileReference; lastKnownFileType = sourcecode.swift; path = viewControllerTVC.swift; sourceTree = "<group>"; };
		6D56CCBC216359D900B4072F /* CarouselDemo.app */ = {isa = PBXFileReference; explicitFileType = wrapper.application; includeInIndex = 0; path = CarouselDemo.app; sourceTree = BUILT_PRODUCTS_DIR; };
		6D56CCBF216359D900B4072F /* AppDelegate.swift */ = {isa = PBXFileReference; lastKnownFileType = sourcecode.swift; path = AppDelegate.swift; sourceTree = "<group>"; };
		6D56CCC1216359D900B4072F /* ViewController.swift */ = {isa = PBXFileReference; lastKnownFileType = sourcecode.swift; path = ViewController.swift; sourceTree = "<group>"; };
		6D56CCC4216359D900B4072F /* Base */ = {isa = PBXFileReference; lastKnownFileType = file.storyboard; name = Base; path = Base.lproj/Main.storyboard; sourceTree = "<group>"; };
		6D56CCC6216359D900B4072F /* Assets.xcassets */ = {isa = PBXFileReference; lastKnownFileType = folder.assetcatalog; path = Assets.xcassets; sourceTree = "<group>"; };
		6D56CCC9216359D900B4072F /* Base */ = {isa = PBXFileReference; lastKnownFileType = file.storyboard; name = Base; path = Base.lproj/LaunchScreen.storyboard; sourceTree = "<group>"; };
		6D56CCCB216359D900B4072F /* Info.plist */ = {isa = PBXFileReference; lastKnownFileType = text.plist.xml; path = Info.plist; sourceTree = "<group>"; };
		6DF5B22A216383150030C281 /* AFWrapper.swift */ = {isa = PBXFileReference; fileEncoding = 4; lastKnownFileType = sourcecode.swift; path = AFWrapper.swift; sourceTree = "<group>"; };
		BD9A547CECBF23A4BBF2700E /* Pods-CarouselDemo.debug.xcconfig */ = {isa = PBXFileReference; includeInIndex = 1; lastKnownFileType = text.xcconfig; name = "Pods-CarouselDemo.debug.xcconfig"; path = "Pods/Target Support Files/Pods-CarouselDemo/Pods-CarouselDemo.debug.xcconfig"; sourceTree = "<group>"; };
		C7B7BB02373667E106209615 /* Pods-CarouselDemo.release.xcconfig */ = {isa = PBXFileReference; includeInIndex = 1; lastKnownFileType = text.xcconfig; name = "Pods-CarouselDemo.release.xcconfig"; path = "Pods/Target Support Files/Pods-CarouselDemo/Pods-CarouselDemo.release.xcconfig"; sourceTree = "<group>"; };
/* End PBXFileReference section */

/* Begin PBXFrameworksBuildPhase section */
		6D56CCB9216359D900B4072F /* Frameworks */ = {
			isa = PBXFrameworksBuildPhase;
			buildActionMask = 2147483647;
			files = (
				0C297C7E55C344012F6863B9 /* Pods_CarouselDemo.framework in Frameworks */,
			);
			runOnlyForDeploymentPostprocessing = 0;
		};
/* End PBXFrameworksBuildPhase section */

/* Begin PBXGroup section */
		1AF86F662B82482DB4010DE8 /* Pods */ = {
			isa = PBXGroup;
			children = (
				BD9A547CECBF23A4BBF2700E /* Pods-CarouselDemo.debug.xcconfig */,
				C7B7BB02373667E106209615 /* Pods-CarouselDemo.release.xcconfig */,
			);
			name = Pods;
			sourceTree = "<group>";
		};
		5960FE4943AC03D464B0773E /* Frameworks */ = {
			isa = PBXGroup;
			children = (
				481CBE0916C494E0821CE801 /* Pods_CarouselDemo.framework */,
			);
			name = Frameworks;
			sourceTree = "<group>";
		};
		6D56CCB3216359D900B4072F = {
			isa = PBXGroup;
			children = (
				6D56CCBE216359D900B4072F /* CarouselDemo */,
				6D56CCBD216359D900B4072F /* Products */,
				1AF86F662B82482DB4010DE8 /* Pods */,
				5960FE4943AC03D464B0773E /* Frameworks */,
			);
			sourceTree = "<group>";
		};
		6D56CCBD216359D900B4072F /* Products */ = {
			isa = PBXGroup;
			children = (
				6D56CCBC216359D900B4072F /* CarouselDemo.app */,
			);
			name = Products;
			sourceTree = "<group>";
		};
		6D56CCBE216359D900B4072F /* CarouselDemo */ = {
			isa = PBXGroup;
			children = (
				6DF5B22A216383150030C281 /* AFWrapper.swift */,
				6D56CCBF216359D900B4072F /* AppDelegate.swift */,
				6D56CCC1216359D900B4072F /* ViewController.swift */,
				6D5416102163990D00CDFC7B /* viewControllerTVC.swift */,
				6D56CCC3216359D900B4072F /* Main.storyboard */,
				6D56CCC6216359D900B4072F /* Assets.xcassets */,
				6D56CCC8216359D900B4072F /* LaunchScreen.storyboard */,
				6D56CCCB216359D900B4072F /* Info.plist */,
			);
			path = CarouselDemo;
			sourceTree = "<group>";
		};
/* End PBXGroup section */

/* Begin PBXNativeTarget section */
		6D56CCBB216359D900B4072F /* CarouselDemo */ = {
			isa = PBXNativeTarget;
			buildConfigurationList = 6D56CCCE216359D900B4072F /* Build configuration list for PBXNativeTarget "CarouselDemo" */;
			buildPhases = (
				99E702C405B595343F0BF957 /* [CP] Check Pods Manifest.lock */,
				6D56CCB8216359D900B4072F /* Sources */,
				6D56CCB9216359D900B4072F /* Frameworks */,
				6D56CCBA216359D900B4072F /* Resources */,
				46638D89B2C83147C5FDE91A /* [CP] Embed Pods Frameworks */,
			);
			buildRules = (
			);
			dependencies = (
			);
			name = CarouselDemo;
			productName = CarouselDemo;
			productReference = 6D56CCBC216359D900B4072F /* CarouselDemo.app */;
			productType = "com.apple.product-type.application";
		};
/* End PBXNativeTarget section */

/* Begin PBXProject section */
		6D56CCB4216359D900B4072F /* Project object */ = {
			isa = PBXProject;
			attributes = {
				LastSwiftUpdateCheck = 0920;
				LastUpgradeCheck = 0920;
				ORGANIZATIONNAME = Stegowl;
				TargetAttributes = {
					6D56CCBB216359D900B4072F = {
						CreatedOnToolsVersion = 9.2;
						ProvisioningStyle = Automatic;
					};
				};
			};
			buildConfigurationList = 6D56CCB7216359D900B4072F /* Build configuration list for PBXProject "CarouselDemo" */;
			compatibilityVersion = "Xcode 8.0";
			developmentRegion = en;
			hasScannedForEncodings = 0;
			knownRegions = (
				en,
				Base,
			);
			mainGroup = 6D56CCB3216359D900B4072F;
			productRefGroup = 6D56CCBD216359D900B4072F /* Products */;
			projectDirPath = "";
			projectRoot = "";
			targets = (
				6D56CCBB216359D900B4072F /* CarouselDemo */,
			);
		};
/* End PBXProject section */

/* Begin PBXResourcesBuildPhase section */
		6D56CCBA216359D900B4072F /* Resources */ = {
			isa = PBXResourcesBuildPhase;
			buildActionMask = 2147483647;
			files = (
				6D56CCCA216359D900B4072F /* LaunchScreen.storyboard in Resources */,
				6D56CCC7216359D900B4072F /* Assets.xcassets in Resources */,
				6D56CCC5216359D900B4072F /* Main.storyboard in Resources */,
			);
			runOnlyForDeploymentPostprocessing = 0;
		};
/* End PBXResourcesBuildPhase section */

/* Begin PBXShellScriptBuildPhase section */
		46638D89B2C83147C5FDE91A /* [CP] Embed Pods Frameworks */ = {
			isa = PBXShellScriptBuildPhase;
			buildActionMask = 2147483647;
			files = (
			);
			inputPaths = (
				"${SRCROOT}/Pods/Target Support Files/Pods-CarouselDemo/Pods-CarouselDemo-frameworks.sh",
				"${BUILT_PRODUCTS_DIR}/Alamofire/Alamofire.framework",
				"${BUILT_PRODUCTS_DIR}/SDWebImage/SDWebImage.framework",
				"${BUILT_PRODUCTS_DIR}/StreamingKit/StreamingKit.framework",
				"${BUILT_PRODUCTS_DIR}/SwiftyJSON/SwiftyJSON.framework",
				"${BUILT_PRODUCTS_DIR}/iCarousel/iCarousel.framework",
			);
			name = "[CP] Embed Pods Frameworks";
			outputPaths = (
				"${TARGET_BUILD_DIR}/${FRAMEWORKS_FOLDER_PATH}/Alamofire.framework",
				"${TARGET_BUILD_DIR}/${FRAMEWORKS_FOLDER_PATH}/SDWebImage.framework",
				"${TARGET_BUILD_DIR}/${FRAMEWORKS_FOLDER_PATH}/StreamingKit.framework",
				"${TARGET_BUILD_DIR}/${FRAMEWORKS_FOLDER_PATH}/SwiftyJSON.framework",
				"${TARGET_BUILD_DIR}/${FRAMEWORKS_FOLDER_PATH}/iCarousel.framework",
			);
			runOnlyForDeploymentPostprocessing = 0;
			shellPath = /bin/sh;
			shellScript = "\"${SRCROOT}/Pods/Target Support Files/Pods-CarouselDemo/Pods-CarouselDemo-frameworks.sh\"\n";
			showEnvVarsInLog = 0;
		};
		99E702C405B595343F0BF957 /* [CP] Check Pods Manifest.lock */ = {
			isa = PBXShellScriptBuildPhase;
			buildActionMask = 2147483647;
			files = (
			);
			inputPaths = (
				"${PODS_PODFILE_DIR_PATH}/Podfile.lock",
				"${PODS_ROOT}/Manifest.lock",
			);
			name = "[CP] Check Pods Manifest.lock";
			outputPaths = (
				"$(DERIVED_FILE_DIR)/Pods-CarouselDemo-checkManifestLockResult.txt",
			);
			runOnlyForDeploymentPostprocessing = 0;
			shellPath = /bin/sh;
			shellScript = "diff \"${PODS_PODFILE_DIR_PATH}/Podfile.lock\" \"${PODS_ROOT}/Manifest.lock\" > /dev/null\nif [ $? != 0 ] ; then\n    # print error to STDERR\n    echo \"error: The sandbox is not in sync with the Podfile.lock. Run 'pod install' or update your CocoaPods installation.\" >&2\n    exit 1\nfi\n# This output is used by Xcode 'outputs' to avoid re-running this script phase.\necho \"SUCCESS\" > \"${SCRIPT_OUTPUT_FILE_0}\"\n";
			showEnvVarsInLog = 0;
		};
/* End PBXShellScriptBuildPhase section */

/* Begin PBXSourcesBuildPhase section */
		6D56CCB8216359D900B4072F /* Sources */ = {
			isa = PBXSourcesBuildPhase;
			buildActionMask = 2147483647;
			files = (
				6D56CCC2216359D900B4072F /* ViewController.swift in Sources */,
				6DF5B22B216383150030C281 /* AFWrapper.swift in Sources */,
				6D5416112163990D00CDFC7B /* viewControllerTVC.swift in Sources */,
				6D56CCC0216359D900B4072F /* AppDelegate.swift in Sources */,
			);
			runOnlyForDeploymentPostprocessing = 0;
		};
/* End PBXSourcesBuildPhase section */

/* Begin PBXVariantGroup section */
		6D56CCC3216359D900B4072F /* Main.storyboard */ = {
			isa = PBXVariantGroup;
			children = (
				6D56CCC4216359D900B4072F /* Base */,
			);
			name = Main.storyboard;
			sourceTree = "<group>";
		};
		6D56CCC8216359D900B4072F /* LaunchScreen.storyboard */ = {
			isa = PBXVariantGroup;
			children = (
				6D56CCC9216359D900B4072F /* Base */,
			);
			name = LaunchScreen.storyboard;
			sourceTree = "<group>";
		};
/* End PBXVariantGroup section */

/* Begin XCBuildConfiguration section */
		6D56CCCC216359D900B4072F /* Debug */ = {
			isa = XCBuildConfiguration;
			buildSettings = {
				ALWAYS_SEARCH_USER_PATHS = NO;
				CLANG_ANALYZER_NONNULL = YES;
				CLANG_ANALYZER_NUMBER_OBJECT_CONVERSION = YES_AGGRESSIVE;
				CLANG_CXX_LANGUAGE_STANDARD = "gnu++14";
				CLANG_CXX_LIBRARY = "libc++";
				CLANG_ENABLE_MODULES = YES;
				CLANG_ENABLE_OBJC_ARC = YES;
				CLANG_WARN_BLOCK_CAPTURE_AUTORELEASING = YES;
				CLANG_WARN_BOOL_CONVERSION = YES;
				CLANG_WARN_COMMA = YES;
				CLANG_WARN_CONSTANT_CONVERSION = YES;
				CLANG_WARN_DIRECT_OBJC_ISA_USAGE = YES_ERROR;
				CLANG_WARN_DOCUMENTATION_COMMENTS = YES;
				CLANG_WARN_EMPTY_BODY = YES;
				CLANG_WARN_ENUM_CONVERSION = YES;
				CLANG_WARN_INFINITE_RECURSION = YES;
				CLANG_WARN_INT_CONVERSION = YES;
				CLANG_WARN_NON_LITERAL_NULL_CONVERSION = YES;
				CLANG_WARN_OBJC_LITERAL_CONVERSION = YES;
				CLANG_WARN_OBJC_ROOT_CLASS = YES_ERROR;
				CLANG_WARN_RANGE_LOOP_ANALYSIS = YES;
				CLANG_WARN_STRICT_PROTOTYPES = YES;
				CLANG_WARN_SUSPICIOUS_MOVE = YES;
				CLANG_WARN_UNGUARDED_AVAILABILITY = YES_AGGRESSIVE;
				CLANG_WARN_UNREACHABLE_CODE = YES;
				CLANG_WARN__DUPLICATE_METHOD_MATCH = YES;
				CODE_SIGN_IDENTITY = "iPhone Developer";
				COPY_PHASE_STRIP = NO;
				DEBUG_INFORMATION_FORMAT = dwarf;
				ENABLE_STRICT_OBJC_MSGSEND = YES;
				ENABLE_TESTABILITY = YES;
				GCC_C_LANGUAGE_STANDARD = gnu11;
				GCC_DYNAMIC_NO_PIC = NO;
				GCC_NO_COMMON_BLOCKS = YES;
				GCC_OPTIMIZATION_LEVEL = 0;
				GCC_PREPROCESSOR_DEFINITIONS = (
					"DEBUG=1",
					"$(inherited)",
				);
				GCC_WARN_64_TO_32_BIT_CONVERSION = YES;
				GCC_WARN_ABOUT_RETURN_TYPE = YES_ERROR;
				GCC_WARN_UNDECLARED_SELECTOR = YES;
				GCC_WARN_UNINITIALIZED_AUTOS = YES_AGGRESSIVE;
				GCC_WARN_UNUSED_FUNCTION = YES;
				GCC_WARN_UNUSED_VARIABLE = YES;
				IPHONEOS_DEPLOYMENT_TARGET = 11.2;
				MTL_ENABLE_DEBUG_INFO = YES;
				ONLY_ACTIVE_ARCH = YES;
				SDKROOT = iphoneos;
				SWIFT_ACTIVE_COMPILATION_CONDITIONS = DEBUG;
				SWIFT_OPTIMIZATION_LEVEL = "-Onone";
			};
			name = Debug;
		};
		6D56CCCD216359D900B4072F /* Release */ = {
			isa = XCBuildConfiguration;
			buildSettings = {
				ALWAYS_SEARCH_USER_PATHS = NO;
				CLANG_ANALYZER_NONNULL = YES;
				CLANG_ANALYZER_NUMBER_OBJECT_CONVERSION = YES_AGGRESSIVE;
				CLANG_CXX_LANGUAGE_STANDARD = "gnu++14";
				CLANG_CXX_LIBRARY = "libc++";
				CLANG_ENABLE_MODULES = YES;
				CLANG_ENABLE_OBJC_ARC = YES;
				CLANG_WARN_BLOCK_CAPTURE_AUTORELEASING = YES;
				CLANG_WARN_BOOL_CONVERSION = YES;
				CLANG_WARN_COMMA = YES;
				CLANG_WARN_CONSTANT_CONVERSION = YES;
				CLANG_WARN_DIRECT_OBJC_ISA_USAGE = YES_ERROR;
				CLANG_WARN_DOCUMENTATION_COMMENTS = YES;
				CLANG_WARN_EMPTY_BODY = YES;
				CLANG_WARN_ENUM_CONVERSION = YES;
				CLANG_WARN_INFINITE_RECURSION = YES;
				CLANG_WARN_INT_CONVERSION = YES;
				CLANG_WARN_NON_LITERAL_NULL_CONVERSION = YES;
				CLANG_WARN_OBJC_LITERAL_CONVERSION = YES;
				CLANG_WARN_OBJC_ROOT_CLASS = YES_ERROR;
				CLANG_WARN_RANGE_LOOP_ANALYSIS = YES;
				CLANG_WARN_STRICT_PROTOTYPES = YES;
				CLANG_WARN_SUSPICIOUS_MOVE = YES;
				CLANG_WARN_UNGUARDED_AVAILABILITY = YES_AGGRESSIVE;
				CLANG_WARN_UNREACHABLE_CODE = YES;
				CLANG_WARN__DUPLICATE_METHOD_MATCH = YES;
				CODE_SIGN_IDENTITY = "iPhone Developer";
				COPY_PHASE_STRIP = NO;
				DEBUG_INFORMATION_FORMAT = "dwarf-with-dsym";
				ENABLE_NS_ASSERTIONS = NO;
				ENABLE_STRICT_OBJC_MSGSEND = YES;
				GCC_C_LANGUAGE_STANDARD = gnu11;
				GCC_NO_COMMON_BLOCKS = YES;
				GCC_WARN_64_TO_32_BIT_CONVERSION = YES;
				GCC_WARN_ABOUT_RETURN_TYPE = YES_ERROR;
				GCC_WARN_UNDECLARED_SELECTOR = YES;
				GCC_WARN_UNINITIALIZED_AUTOS = YES_AGGRESSIVE;
				GCC_WARN_UNUSED_FUNCTION = YES;
				GCC_WARN_UNUSED_VARIABLE = YES;
				IPHONEOS_DEPLOYMENT_TARGET = 11.2;
				MTL_ENABLE_DEBUG_INFO = NO;
				SDKROOT = iphoneos;
				SWIFT_OPTIMIZATION_LEVEL = "-Owholemodule";
				VALIDATE_PRODUCT = YES;
			};
			name = Release;
		};
		6D56CCCF216359D900B4072F /* Debug */ = {
			isa = XCBuildConfiguration;
			baseConfigurationReference = BD9A547CECBF23A4BBF2700E /* Pods-CarouselDemo.debug.xcconfig */;
			buildSettings = {
				ASSETCATALOG_COMPILER_APPICON_NAME = AppIcon;
				CODE_SIGN_STYLE = Automatic;
				INFOPLIST_FILE = CarouselDemo/Info.plist;
				LD_RUNPATH_SEARCH_PATHS = "$(inherited) @executable_path/Frameworks";
				PRODUCT_BUNDLE_IDENTIFIER = com.CarouselDemo;
				PRODUCT_NAME = "$(TARGET_NAME)";
				SWIFT_VERSION = 4.0;
				TARGETED_DEVICE_FAMILY = "1,2";
			};
			name = Debug;
		};
		6D56CCD0216359D900B4072F /* Release */ = {
			isa = XCBuildConfiguration;
			baseConfigurationReference = C7B7BB02373667E106209615 /* Pods-CarouselDemo.release.xcconfig */;
			buildSettings = {
				ASSETCATALOG_COMPILER_APPICON_NAME = AppIcon;
				CODE_SIGN_STYLE = Automatic;
				INFOPLIST_FILE = CarouselDemo/Info.plist;
				LD_RUNPATH_SEARCH_PATHS = "$(inherited) @executable_path/Frameworks";
				PRODUCT_BUNDLE_IDENTIFIER = com.CarouselDemo;
				PRODUCT_NAME = "$(TARGET_NAME)";
				SWIFT_VERSION = 4.0;
				TARGETED_DEVICE_FAMILY = "1,2";
			};
			name = Release;
		};
/* End XCBuildConfiguration section */

/* Begin XCConfigurationList section */
		6D56CCB7216359D900B4072F /* Build configuration list for PBXProject "CarouselDemo" */ = {
			isa = XCConfigurationList;
			buildConfigurations = (
				6D56CCCC216359D900B4072F /* Debug */,
				6D56CCCD216359D900B4072F /* Release */,
			);
			defaultConfigurationIsVisible = 0;
			defaultConfigurationName = Release;
		};
		6D56CCCE216359D900B4072F /* Build configuration list for PBXNativeTarget "CarouselDemo" */ = {
			isa = XCConfigurationList;
			buildConfigurations = (
				6D56CCCF216359D900B4072F /* Debug */,
				6D56CCD0216359D900B4072F /* Release */,
			);
			defaultConfigurationIsVisible = 0;
			defaultConfigurationName = Release;
		};
/* End XCConfigurationList section */
	};
	rootObject = 6D56CCB4216359D900B4072F /* Project object */;
}
